
Microsoft Visual Studio Solution File, Format Version 12.00
# Visual Studio 14
VisualStudioVersion = 14.0.25420.1
MinimumVisualStudioVersion = 10.0.40219.1
Project("{FAE04EC0-301F-11D3-BF4B-00C04F79EFBC}") = "Lab5_MPP", "Lab5_MPP\Lab5_MPP.csproj", "{6E6C3A52-F970-4CCE-A42C-FFB6132B0DAE}"
EndProject
Global
	GlobalSection(SolutionConfigurationPlatforms) = preSolution
		Debug|Any CPU = Debug|Any CPU
		Release|Any CPU = Release|Any CPU
	EndGlobalSection
	GlobalSection(ProjectConfigurationPlatforms) = postSolution
		{6E6C3A52-F970-4CCE-A42C-FFB6132B0DAE}.Debug|Any CPU.ActiveCfg = Debug|Any CPU
		{6E6C3A52-F970-4CCE-A42C-FFB6132B0DAE}.Debug|Any CPU.Build.0 = Debug|Any CPU
		{6E6C3A52-F970-4CCE-A42C-FFB6132B0DAE}.Release|Any CPU.ActiveCfg = Release|Any CPU
		{6E6C3A52-F970-4CCE-A42C-FFB6132B0DAE}.Release|Any CPU.Build.0 = Release|Any CPU
	EndGlobalSection
	GlobalSection(SolutionProperties) = preSolution
		HideSolutionNode = FALSE
	EndGlobalSection
EndGlobal
